
Microsoft Visual Studio Solution File, Format Version 12.00
Project("{FAE04EC0-301F-11D3-BF4B-00C04F79EFBC}") = "Logrus.Serilog.Ntfy", "Logrus.Serilog.Ntfy.csproj", "{3FF2AB77-0851-4739-8F1A-373EE7476ECF}"
EndProject
Global
	GlobalSection(SolutionConfigurationPlatforms) = preSolution
		Debug|Any CPU = Debug|Any CPU
		Release|Any CPU = Release|Any CPU
	EndGlobalSection
	GlobalSection(ProjectConfigurationPlatforms) = postSolution
		{3FF2AB77-0851-4739-8F1A-373EE7476ECF}.Debug|Any CPU.ActiveCfg = Debug|Any CPU
		{3FF2AB77-0851-4739-8F1A-373EE7476ECF}.Debug|Any CPU.Build.0 = Debug|Any CPU
		{3FF2AB77-0851-4739-8F1A-373EE7476ECF}.Release|Any CPU.ActiveCfg = Release|Any CPU
		{3FF2AB77-0851-4739-8F1A-373EE7476ECF}.Release|Any CPU.Build.0 = Release|Any CPU
	EndGlobalSection
EndGlobal
